// !$*UTF8*$!
{
	archiveVersion = 1;
	classes = {
	};
	objectVersion = 50;
	objects = {

/* Begin PBXBuildFile section */
		418FA9592581D622007CCB3E /* Firebase_PlaygroundApp.swift in Sources */ = {isa = PBXBuildFile; fileRef = 418FA9462581D620007CCB3E /* Firebase_PlaygroundApp.swift */; };
		418FA95A2581D622007CCB3E /* Firebase_PlaygroundApp.swift in Sources */ = {isa = PBXBuildFile; fileRef = 418FA9462581D620007CCB3E /* Firebase_PlaygroundApp.swift */; };
		418FA95B2581D622007CCB3E /* ContentView.swift in Sources */ = {isa = PBXBuildFile; fileRef = 418FA9472581D620007CCB3E /* ContentView.swift */; };
		418FA95C2581D622007CCB3E /* ContentView.swift in Sources */ = {isa = PBXBuildFile; fileRef = 418FA9472581D620007CCB3E /* ContentView.swift */; };
		418FA95D2581D622007CCB3E /* Assets.xcassets in Resources */ = {isa = PBXBuildFile; fileRef = 418FA9482581D622007CCB3E /* Assets.xcassets */; };
		418FA95E2581D622007CCB3E /* Assets.xcassets in Resources */ = {isa = PBXBuildFile; fileRef = 418FA9482581D622007CCB3E /* Assets.xcassets */; };
		418FA96A2581D6AB007CCB3E /* GoogleService-Info.plist in Resources */ = {isa = PBXBuildFile; fileRef = 418FA9692581D6AB007CCB3E /* GoogleService-Info.plist */; };
		418FA96B2581D6AB007CCB3E /* GoogleService-Info.plist in Resources */ = {isa = PBXBuildFile; fileRef = 418FA9692581D6AB007CCB3E /* GoogleService-Info.plist */; };
/* End PBXBuildFile section */

/* Begin PBXFileReference section */
		418FA9462581D620007CCB3E /* Firebase_PlaygroundApp.swift */ = {isa = PBXFileReference; lastKnownFileType = sourcecode.swift; path = Firebase_PlaygroundApp.swift; sourceTree = "<group>"; };
		418FA9472581D620007CCB3E /* ContentView.swift */ = {isa = PBXFileReference; lastKnownFileType = sourcecode.swift; path = ContentView.swift; sourceTree = "<group>"; };
		418FA9482581D622007CCB3E /* Assets.xcassets */ = {isa = PBXFileReference; lastKnownFileType = folder.assetcatalog; path = Assets.xcassets; sourceTree = "<group>"; };
		418FA94D2581D622007CCB3E /* Firebase Playground.app */ = {isa = PBXFileReference; explicitFileType = wrapper.application; includeInIndex = 0; path = "Firebase Playground.app"; sourceTree = BUILT_PRODUCTS_DIR; };
		418FA9502581D622007CCB3E /* Info.plist */ = {isa = PBXFileReference; lastKnownFileType = text.plist.xml; path = Info.plist; sourceTree = "<group>"; };
		418FA9552581D622007CCB3E /* Firebase Playground.app */ = {isa = PBXFileReference; explicitFileType = wrapper.application; includeInIndex = 0; path = "Firebase Playground.app"; sourceTree = BUILT_PRODUCTS_DIR; };
		418FA9572581D622007CCB3E /* Info.plist */ = {isa = PBXFileReference; lastKnownFileType = text.plist.xml; path = Info.plist; sourceTree = "<group>"; };
		418FA9582581D622007CCB3E /* macOS.entitlements */ = {isa = PBXFileReference; lastKnownFileType = text.plist.entitlements; path = macOS.entitlements; sourceTree = "<group>"; };
		418FA9692581D6AB007CCB3E /* GoogleService-Info.plist */ = {isa = PBXFileReference; fileEncoding = 4; lastKnownFileType = text.plist.xml; path = "GoogleService-Info.plist"; sourceTree = "<group>"; };
/* End PBXFileReference section */

/* Begin PBXFrameworksBuildPhase section */
		418FA94A2581D622007CCB3E /* Frameworks */ = {
			isa = PBXFrameworksBuildPhase;
			buildActionMask = 2147483647;
			files = (
			);
			runOnlyForDeploymentPostprocessing = 0;
		};
		418FA9522581D622007CCB3E /* Frameworks */ = {
			isa = PBXFrameworksBuildPhase;
			buildActionMask = 2147483647;
			files = (
			);
			runOnlyForDeploymentPostprocessing = 0;
		};
/* End PBXFrameworksBuildPhase section */

/* Begin PBXGroup section */
		418FA9402581D620007CCB3E = {
			isa = PBXGroup;
			children = (
				418FA9452581D620007CCB3E /* Shared */,
				418FA94F2581D622007CCB3E /* iOS */,
				418FA9562581D622007CCB3E /* macOS */,
				418FA94E2581D622007CCB3E /* Products */,
			);
			sourceTree = "<group>";
		};
		418FA9452581D620007CCB3E /* Shared */ = {
			isa = PBXGroup;
			children = (
				418FA9462581D620007CCB3E /* Firebase_PlaygroundApp.swift */,
				418FA9472581D620007CCB3E /* ContentView.swift */,
				418FA9482581D622007CCB3E /* Assets.xcassets */,
				418FA9692581D6AB007CCB3E /* GoogleService-Info.plist */,
			);
			path = Shared;
			sourceTree = "<group>";
		};
		418FA94E2581D622007CCB3E /* Products */ = {
			isa = PBXGroup;
			children = (
				418FA94D2581D622007CCB3E /* Firebase Playground.app */,
				418FA9552581D622007CCB3E /* Firebase Playground.app */,
			);
			name = Products;
			sourceTree = "<group>";
		};
		418FA94F2581D622007CCB3E /* iOS */ = {
			isa = PBXGroup;
			children = (
				418FA9502581D622007CCB3E /* Info.plist */,
			);
			path = iOS;
			sourceTree = "<group>";
		};
		418FA9562581D622007CCB3E /* macOS */ = {
			isa = PBXGroup;
			children = (
				418FA9572581D622007CCB3E /* Info.plist */,
				418FA9582581D622007CCB3E /* macOS.entitlements */,
			);
			path = macOS;
			sourceTree = "<group>";
		};
/* End PBXGroup section */

/* Begin PBXNativeTarget section */
		418FA94C2581D622007CCB3E /* Firebase Playground (iOS) */ = {
			isa = PBXNativeTarget;
			buildConfigurationList = 418FA9612581D622007CCB3E /* Build configuration list for PBXNativeTarget "Firebase Playground (iOS)" */;
			buildPhases = (
				418FA9492581D622007CCB3E /* Sources */,
				418FA94A2581D622007CCB3E /* Frameworks */,
				418FA94B2581D622007CCB3E /* Resources */,
			);
			buildRules = (
			);
			dependencies = (
			);
			name = "Firebase Playground (iOS)";
			productName = "Firebase Playground (iOS)";
			productReference = 418FA94D2581D622007CCB3E /* Firebase Playground.app */;
			productType = "com.apple.product-type.application";
		};
		418FA9542581D622007CCB3E /* Firebase Playground (macOS) */ = {
			isa = PBXNativeTarget;
			buildConfigurationList = 418FA9642581D622007CCB3E /* Build configuration list for PBXNativeTarget "Firebase Playground (macOS)" */;
			buildPhases = (
				418FA9512581D622007CCB3E /* Sources */,
				418FA9522581D622007CCB3E /* Frameworks */,
				418FA9532581D622007CCB3E /* Resources */,
			);
			buildRules = (
			);
			dependencies = (
			);
			name = "Firebase Playground (macOS)";
			productName = "Firebase Playground (macOS)";
			productReference = 418FA9552581D622007CCB3E /* Firebase Playground.app */;
			productType = "com.apple.product-type.application";
		};
/* End PBXNativeTarget section */

/* Begin PBXProject section */
		418FA9412581D620007CCB3E /* Project object */ = {
			isa = PBXProject;
			attributes = {
				LastSwiftUpdateCheck = 1220;
				LastUpgradeCheck = 1220;
				TargetAttributes = {
					418FA94C2581D622007CCB3E = {
						CreatedOnToolsVersion = 12.2;
					};
					418FA9542581D622007CCB3E = {
						CreatedOnToolsVersion = 12.2;
					};
				};
			};
			buildConfigurationList = 418FA9442581D620007CCB3E /* Build configuration list for PBXProject "Firebase Playground" */;
			compatibilityVersion = "Xcode 9.3";
			developmentRegion = en;
			hasScannedForEncodings = 0;
			knownRegions = (
				en,
				Base,
			);
			mainGroup = 418FA9402581D620007CCB3E;
			productRefGroup = 418FA94E2581D622007CCB3E /* Products */;
			projectDirPath = "";
			projectRoot = "";
			targets = (
				418FA94C2581D622007CCB3E /* Firebase Playground (iOS) */,
				418FA9542581D622007CCB3E /* Firebase Playground (macOS) */,
			);
		};
/* End PBXProject section */

/* Begin PBXResourcesBuildPhase section */
		418FA94B2581D622007CCB3E /* Resources */ = {
			isa = PBXResourcesBuildPhase;
			buildActionMask = 2147483647;
			files = (
				418FA95D2581D622007CCB3E /* Assets.xcassets in Resources */,
				418FA96A2581D6AB007CCB3E /* GoogleService-Info.plist in Resources */,
			);
			runOnlyForDeploymentPostprocessing = 0;
		};
		418FA9532581D622007CCB3E /* Resources */ = {
			isa = PBXResourcesBuildPhase;
			buildActionMask = 2147483647;
			files = (
				418FA95E2581D622007CCB3E /* Assets.xcassets in Resources */,
				418FA96B2581D6AB007CCB3E /* GoogleService-Info.plist in Resources */,
			);
			runOnlyForDeploymentPostprocessing = 0;
		};
/* End PBXResourcesBuildPhase section */

/* Begin PBXSourcesBuildPhase section */
		418FA9492581D622007CCB3E /* Sources */ = {
			isa = PBXSourcesBuildPhase;
			buildActionMask = 2147483647;
			files = (
				418FA95B2581D622007CCB3E /* ContentView.swift in Sources */,
				418FA9592581D622007CCB3E /* Firebase_PlaygroundApp.swift in Sources */,
			);
			runOnlyForDeploymentPostprocessing = 0;
		};
		418FA9512581D622007CCB3E /* Sources */ = {
			isa = PBXSourcesBuildPhase;
			buildActionMask = 2147483647;
			files = (
				418FA95C2581D622007CCB3E /* ContentView.swift in Sources */,
				418FA95A2581D622007CCB3E /* Firebase_PlaygroundApp.swift in Sources */,
			);
			runOnlyForDeploymentPostprocessing = 0;
		};
/* End PBXSourcesBuildPhase section */

/* Begin XCBuildConfiguration section */
		418FA95F2581D622007CCB3E /* Debug */ = {
			isa = XCBuildConfiguration;
			buildSettings = {
				ALWAYS_SEARCH_USER_PATHS = NO;
				CLANG_ANALYZER_NONNULL = YES;
				CLANG_ANALYZER_NUMBER_OBJECT_CONVERSION = YES_AGGRESSIVE;
				CLANG_CXX_LANGUAGE_STANDARD = "gnu++14";
				CLANG_CXX_LIBRARY = "libc++";
				CLANG_ENABLE_MODULES = YES;
				CLANG_ENABLE_OBJC_ARC = YES;
				CLANG_ENABLE_OBJC_WEAK = YES;
				CLANG_WARN_BLOCK_CAPTURE_AUTORELEASING = YES;
				CLANG_WARN_BOOL_CONVERSION = YES;
				CLANG_WARN_COMMA = YES;
				CLANG_WARN_CONSTANT_CONVERSION = YES;
				CLANG_WARN_DEPRECATED_OBJC_IMPLEMENTATIONS = YES;
				CLANG_WARN_DIRECT_OBJC_ISA_USAGE = YES_ERROR;
				CLANG_WARN_DOCUMENTATION_COMMENTS = YES;
				CLANG_WARN_EMPTY_BODY = YES;
				CLANG_WARN_ENUM_CONVERSION = YES;
				CLANG_WARN_INFINITE_RECURSION = YES;
				CLANG_WARN_INT_CONVERSION = YES;
				CLANG_WARN_NON_LITERAL_NULL_CONVERSION = YES;
				CLANG_WARN_OBJC_IMPLICIT_RETAIN_SELF = YES;
				CLANG_WARN_OBJC_LITERAL_CONVERSION = YES;
				CLANG_WARN_OBJC_ROOT_CLASS = YES_ERROR;
				CLANG_WARN_QUOTED_INCLUDE_IN_FRAMEWORK_HEADER = YES;
				CLANG_WARN_RANGE_LOOP_ANALYSIS = YES;
				CLANG_WARN_STRICT_PROTOTYPES = YES;
				CLANG_WARN_SUSPICIOUS_MOVE = YES;
				CLANG_WARN_UNGUARDED_AVAILABILITY = YES_AGGRESSIVE;
				CLANG_WARN_UNREACHABLE_CODE = YES;
				CLANG_WARN__DUPLICATE_METHOD_MATCH = YES;
				COPY_PHASE_STRIP = NO;
				DEBUG_INFORMATION_FORMAT = dwarf;
				ENABLE_STRICT_OBJC_MSGSEND = YES;
				ENABLE_TESTABILITY = YES;
				GCC_C_LANGUAGE_STANDARD = gnu11;
				GCC_DYNAMIC_NO_PIC = NO;
				GCC_NO_COMMON_BLOCKS = YES;
				GCC_OPTIMIZATION_LEVEL = 0;
				GCC_PREPROCESSOR_DEFINITIONS = (
					"DEBUG=1",
					"$(inherited)",
				);
				GCC_WARN_64_TO_32_BIT_CONVERSION = YES;
				GCC_WARN_ABOUT_RETURN_TYPE = YES_ERROR;
				GCC_WARN_UNDECLARED_SELECTOR = YES;
				GCC_WARN_UNINITIALIZED_AUTOS = YES_AGGRESSIVE;
				GCC_WARN_UNUSED_FUNCTION = YES;
				GCC_WARN_UNUSED_VARIABLE = YES;
				MTL_ENABLE_DEBUG_INFO = INCLUDE_SOURCE;
				MTL_FAST_MATH = YES;
				ONLY_ACTIVE_ARCH = YES;
				SWIFT_ACTIVE_COMPILATION_CONDITIONS = DEBUG;
				SWIFT_OPTIMIZATION_LEVEL = "-Onone";
			};
			name = Debug;
		};
		418FA9602581D622007CCB3E /* Release */ = {
			isa = XCBuildConfiguration;
			buildSettings = {
				ALWAYS_SEARCH_USER_PATHS = NO;
				CLANG_ANALYZER_NONNULL = YES;
				CLANG_ANALYZER_NUMBER_OBJECT_CONVERSION = YES_AGGRESSIVE;
				CLANG_CXX_LANGUAGE_STANDARD = "gnu++14";
				CLANG_CXX_LIBRARY = "libc++";
				CLANG_ENABLE_MODULES = YES;
				CLANG_ENABLE_OBJC_ARC = YES;
				CLANG_ENABLE_OBJC_WEAK = YES;
				CLANG_WARN_BLOCK_CAPTURE_AUTORELEASING = YES;
				CLANG_WARN_BOOL_CONVERSION = YES;
				CLANG_WARN_COMMA = YES;
				CLANG_WARN_CONSTANT_CONVERSION = YES;
				CLANG_WARN_DEPRECATED_OBJC_IMPLEMENTATIONS = YES;
				CLANG_WARN_DIRECT_OBJC_ISA_USAGE = YES_ERROR;
				CLANG_WARN_DOCUMENTATION_COMMENTS = YES;
				CLANG_WARN_EMPTY_BODY = YES;
				CLANG_WARN_ENUM_CONVERSION = YES;
				CLANG_WARN_INFINITE_RECURSION = YES;
				CLANG_WARN_INT_CONVERSION = YES;
				CLANG_WARN_NON_LITERAL_NULL_CONVERSION = YES;
				CLANG_WARN_OBJC_IMPLICIT_RETAIN_SELF = YES;
				CLANG_WARN_OBJC_LITERAL_CONVERSION = YES;
				CLANG_WARN_OBJC_ROOT_CLASS = YES_ERROR;
				CLANG_WARN_QUOTED_INCLUDE_IN_FRAMEWORK_HEADER = YES;
				CLANG_WARN_RANGE_LOOP_ANALYSIS = YES;
				CLANG_WARN_STRICT_PROTOTYPES = YES;
				CLANG_WARN_SUSPICIOUS_MOVE = YES;
				CLANG_WARN_UNGUARDED_AVAILABILITY = YES_AGGRESSIVE;
				CLANG_WARN_UNREACHABLE_CODE = YES;
				CLANG_WARN__DUPLICATE_METHOD_MATCH = YES;
				COPY_PHASE_STRIP = NO;
				DEBUG_INFORMATION_FORMAT = "dwarf-with-dsym";
				ENABLE_NS_ASSERTIONS = NO;
				ENABLE_STRICT_OBJC_MSGSEND = YES;
				GCC_C_LANGUAGE_STANDARD = gnu11;
				GCC_NO_COMMON_BLOCKS = YES;
				GCC_WARN_64_TO_32_BIT_CONVERSION = YES;
				GCC_WARN_ABOUT_RETURN_TYPE = YES_ERROR;
				GCC_WARN_UNDECLARED_SELECTOR = YES;
				GCC_WARN_UNINITIALIZED_AUTOS = YES_AGGRESSIVE;
				GCC_WARN_UNUSED_FUNCTION = YES;
				GCC_WARN_UNUSED_VARIABLE = YES;
				MTL_ENABLE_DEBUG_INFO = NO;
				MTL_FAST_MATH = YES;
				SWIFT_COMPILATION_MODE = wholemodule;
				SWIFT_OPTIMIZATION_LEVEL = "-O";
			};
			name = Release;
		};
		418FA9622581D622007CCB3E /* Debug */ = {
			isa = XCBuildConfiguration;
			buildSettings = {
				ASSETCATALOG_COMPILER_APPICON_NAME = AppIcon;
				ASSETCATALOG_COMPILER_GLOBAL_ACCENT_COLOR_NAME = AccentColor;
				CODE_SIGN_STYLE = Automatic;
				ENABLE_PREVIEWS = YES;
				INFOPLIST_FILE = iOS/Info.plist;
				IPHONEOS_DEPLOYMENT_TARGET = 14.0;
				LD_RUNPATH_SEARCH_PATHS = (
					"$(inherited)",
					"@executable_path/Frameworks",
				);
				PRODUCT_BUNDLE_IDENTIFIER = "com.360conferences.Firebase-Playground";
				PRODUCT_NAME = "Firebase Playground";
				SDKROOT = iphoneos;
				SWIFT_VERSION = 5.0;
				TARGETED_DEVICE_FAMILY = "1,2";
			};
			name = Debug;
		};
		418FA9632581D622007CCB3E /* Release */ = {
			isa = XCBuildConfiguration;
			buildSettings = {
				ASSETCATALOG_COMPILER_APPICON_NAME = AppIcon;
				ASSETCATALOG_COMPILER_GLOBAL_ACCENT_COLOR_NAME = AccentColor;
				CODE_SIGN_STYLE = Automatic;
				ENABLE_PREVIEWS = YES;
				INFOPLIST_FILE = iOS/Info.plist;
				IPHONEOS_DEPLOYMENT_TARGET = 14.0;
				LD_RUNPATH_SEARCH_PATHS = (
					"$(inherited)",
					"@executable_path/Frameworks",
				);
				PRODUCT_BUNDLE_IDENTIFIER = "com.360conferences.Firebase-Playground";
				PRODUCT_NAME = "Firebase Playground";
				SDKROOT = iphoneos;
				SWIFT_VERSION = 5.0;
				TARGETED_DEVICE_FAMILY = "1,2";
				VALIDATE_PRODUCT = YES;
			};
			name = Release;
		};
		418FA9652581D622007CCB3E /* Debug */ = {
			isa = XCBuildConfiguration;
			buildSettings = {
				ASSETCATALOG_COMPILER_APPICON_NAME = AppIcon;
				ASSETCATALOG_COMPILER_GLOBAL_ACCENT_COLOR_NAME = AccentColor;
				CODE_SIGN_ENTITLEMENTS = macOS/macOS.entitlements;
				CODE_SIGN_STYLE = Automatic;
				COMBINE_HIDPI_IMAGES = YES;
				ENABLE_PREVIEWS = YES;
				INFOPLIST_FILE = macOS/Info.plist;
				LD_RUNPATH_SEARCH_PATHS = (
					"$(inherited)",
					"@executable_path/../Frameworks",
				);
				MACOSX_DEPLOYMENT_TARGET = 11.0;
				PRODUCT_BUNDLE_IDENTIFIER = "com.360conferences.Firebase-Playground";
				PRODUCT_NAME = "Firebase Playground";
				SDKROOT = macosx;
				SWIFT_VERSION = 5.0;
			};
			name = Debug;
		};
		418FA9662581D622007CCB3E /* Release */ = {
			isa = XCBuildConfiguration;
			buildSettings = {
				ASSETCATALOG_COMPILER_APPICON_NAME = AppIcon;
				ASSETCATALOG_COMPILER_GLOBAL_ACCENT_COLOR_NAME = AccentColor;
				CODE_SIGN_ENTITLEMENTS = macOS/macOS.entitlements;
				CODE_SIGN_STYLE = Automatic;
				COMBINE_HIDPI_IMAGES = YES;
				ENABLE_PREVIEWS = YES;
				INFOPLIST_FILE = macOS/Info.plist;
				LD_RUNPATH_SEARCH_PATHS = (
					"$(inherited)",
					"@executable_path/../Frameworks",
				);
				MACOSX_DEPLOYMENT_TARGET = 11.0;
				PRODUCT_BUNDLE_IDENTIFIER = "com.360conferences.Firebase-Playground";
				PRODUCT_NAME = "Firebase Playground";
				SDKROOT = macosx;
				SWIFT_VERSION = 5.0;
			};
			name = Release;
		};
/* End XCBuildConfiguration section */

/* Begin XCConfigurationList section */
		418FA9442581D620007CCB3E /* Build configuration list for PBXProject "Firebase Playground" */ = {
			isa = XCConfigurationList;
			buildConfigurations = (
				418FA95F2581D622007CCB3E /* Debug */,
				418FA9602581D622007CCB3E /* Release */,
			);
			defaultConfigurationIsVisible = 0;
			defaultConfigurationName = Release;
		};
		418FA9612581D622007CCB3E /* Build configuration list for PBXNativeTarget "Firebase Playground (iOS)" */ = {
			isa = XCConfigurationList;
			buildConfigurations = (
				418FA9622581D622007CCB3E /* Debug */,
				418FA9632581D622007CCB3E /* Release */,
			);
			defaultConfigurationIsVisible = 0;
			defaultConfigurationName = Release;
		};
		418FA9642581D622007CCB3E /* Build configuration list for PBXNativeTarget "Firebase Playground (macOS)" */ = {
			isa = XCConfigurationList;
			buildConfigurations = (
				418FA9652581D622007CCB3E /* Debug */,
				418FA9662581D622007CCB3E /* Release */,
			);
			defaultConfigurationIsVisible = 0;
			defaultConfigurationName = Release;
		};
/* End XCConfigurationList section */
	};
	rootObject = 418FA9412581D620007CCB3E /* Project object */;
}
